
Microsoft Visual Studio Solution File, Format Version 12.00
# Visual Studio Version 16
VisualStudioVersion = 16.0.29613.14
MinimumVisualStudioVersion = 10.0.40219.1
Project("{9A19103F-16F7-4668-BE54-9A1E7A4F7556}") = "RSAChat_UI.Server", "RSAChat_UI\Server\RSAChat_UI.Server.csproj", "{DC77CA2B-F796-4783-B6C5-BC30A2681434}"
EndProject
Project("{9A19103F-16F7-4668-BE54-9A1E7A4F7556}") = "RSAChat_UI.Client", "RSAChat_UI\Client\RSAChat_UI.Client.csproj", "{48120246-4374-40BB-9434-5673E600E598}"
EndProject
Global
	GlobalSection(SolutionConfigurationPlatforms) = preSolution
		Debug|Any CPU = Debug|Any CPU
		Release|Any CPU = Release|Any CPU
	EndGlobalSection
	GlobalSection(ProjectConfigurationPlatforms) = postSolution
		{DC77CA2B-F796-4783-B6C5-BC30A2681434}.Debug|Any CPU.ActiveCfg = Debug|Any CPU
		{DC77CA2B-F796-4783-B6C5-BC30A2681434}.Debug|Any CPU.Build.0 = Debug|Any CPU
		{DC77CA2B-F796-4783-B6C5-BC30A2681434}.Release|Any CPU.ActiveCfg = Release|Any CPU
		{DC77CA2B-F796-4783-B6C5-BC30A2681434}.Release|Any CPU.Build.0 = Release|Any CPU
		{48120246-4374-40BB-9434-5673E600E598}.Debug|Any CPU.ActiveCfg = Debug|Any CPU
		{48120246-4374-40BB-9434-5673E600E598}.Debug|Any CPU.Build.0 = Debug|Any CPU
		{48120246-4374-40BB-9434-5673E600E598}.Release|Any CPU.ActiveCfg = Release|Any CPU
		{48120246-4374-40BB-9434-5673E600E598}.Release|Any CPU.Build.0 = Release|Any CPU
	EndGlobalSection
	GlobalSection(SolutionProperties) = preSolution
		HideSolutionNode = FALSE
	EndGlobalSection
	GlobalSection(ExtensibilityGlobals) = postSolution
		SolutionGuid = {0600A951-1E3B-4400-8926-F16402A012E0}
	EndGlobalSection
EndGlobal
